
Microsoft Visual Studio Solution File, Format Version 12.00
# Visual Studio Version 17
VisualStudioVersion = 17.14.36221.1 d17.14
MinimumVisualStudioVersion = 10.0.40219.1
Project("{FAE04EC0-301F-11D3-BF4B-00C04F79EFBC}") = "Meikan", "Meikan\Meikan.csproj", "{73D59DB2-BC37-4556-BC01-1C5BDC00B449}"
EndProject
Global
	GlobalSection(SolutionConfigurationPlatforms) = preSolution
		Debug|Any CPU = Debug|Any CPU
		Release|Any CPU = Release|Any CPU
	EndGlobalSection
	GlobalSection(ProjectConfigurationPlatforms) = postSolution
		{73D59DB2-BC37-4556-BC01-1C5BDC00B449}.Debug|Any CPU.ActiveCfg = Debug|Any CPU
		{73D59DB2-BC37-4556-BC01-1C5BDC00B449}.Debug|Any CPU.Build.0 = Debug|Any CPU
		{73D59DB2-BC37-4556-BC01-1C5BDC00B449}.Release|Any CPU.ActiveCfg = Release|Any CPU
		{73D59DB2-BC37-4556-BC01-1C5BDC00B449}.Release|Any CPU.Build.0 = Release|Any CPU
	EndGlobalSection
	GlobalSection(SolutionProperties) = preSolution
		HideSolutionNode = FALSE
	EndGlobalSection
	GlobalSection(ExtensibilityGlobals) = postSolution
		SolutionGuid = {0051226A-2C4F-4E4A-BE20-662F18EF0B7D}
	EndGlobalSection
EndGlobal
