
Microsoft Visual Studio Solution File, Format Version 12.00
# Visual Studio Version 17
VisualStudioVersion = 17.14.36221.1 d17.14
MinimumVisualStudioVersion = 10.0.40219.1
Project("{FAE04EC0-301F-11D3-BF4B-00C04F79EFBC}") = "Meikan", "Meikan\Meikan.csproj", "{614BA1A3-C8CC-4CCC-A208-4586F57F0AFC}"
EndProject
Global
	GlobalSection(SolutionConfigurationPlatforms) = preSolution
		Debug|Any CPU = Debug|Any CPU
		Release|Any CPU = Release|Any CPU
	EndGlobalSection
	GlobalSection(ProjectConfigurationPlatforms) = postSolution
		{614BA1A3-C8CC-4CCC-A208-4586F57F0AFC}.Debug|Any CPU.ActiveCfg = Debug|Any CPU
		{614BA1A3-C8CC-4CCC-A208-4586F57F0AFC}.Debug|Any CPU.Build.0 = Debug|Any CPU
		{614BA1A3-C8CC-4CCC-A208-4586F57F0AFC}.Release|Any CPU.ActiveCfg = Release|Any CPU
		{614BA1A3-C8CC-4CCC-A208-4586F57F0AFC}.Release|Any CPU.Build.0 = Release|Any CPU
	EndGlobalSection
	GlobalSection(SolutionProperties) = preSolution
		HideSolutionNode = FALSE
	EndGlobalSection
	GlobalSection(ExtensibilityGlobals) = postSolution
		SolutionGuid = {FC6E6811-3FCB-4BDC-BDC2-715E186FBAAF}
	EndGlobalSection
EndGlobal
